[metadata]
lock_version = 3
declaration_hash_version = 1
declaration_hash = "sha256:bafc9d24adeb2db3399a5a8aeb60c052a4e3fb346176e97deaa9cb26fdf690ea"
generated_by = "ocx 0.6.3"
generated_at = "2026-09-27T16:39:47Z"

[[tool]]
name = "zot"
group = "default"
repository = "ocx.sh/project-zot/zot"

[tool.platforms]
"darwin/amd64" = "sha256:af8435fae824ef08bc812e25d27775c022b53e66acecd29ccfdd7837965db717"
"darwin/arm64" = "sha256:5a5e183734909119949498851f4e9374889fc56f679a11acf98b74c3a2d68c74"
"linux/amd64+libc.glibc" = "sha256:799d8323f4988a3b92eb73710592d6676fc3cbd7a53a327110636ce31a279863"
"linux/arm64+libc.glibc" = "sha256:db47881c85243120e19b9a863c6bed82a6b4e593bfb2ef65bf524bac123a42de"
"windows/amd64" = "sha256:3e765d65aff26b48219bf707d95bc870c75223fddc3f39a639f71cb1abbdff90"
"windows/arm64" = "sha256:73493ecb40e3dc7cf368686a14bf545f804dd2cd540247248548e69c92738684"
